
Microsoft Visual Studio Solution File, Format Version 12.00
# Visual Studio Version 16
VisualStudioVersion = 25.0.1706.0
MinimumVisualStudioVersion = 10.0.40219.1
Project("{FAE04EC0-301F-11D3-BF4B-00C04F79EFBC}") = "Resume.Presentation", "Resume.Presentation.csproj", "{EA663480-894D-4335-8694-408E8F78ACA0}"
EndProject
Project("{2150E333-8FDC-42A3-9474-1A3956D46DE8}") = "Resume.Application", "Resume.Application", "{C7D8D507-69FB-4638-B38E-D527E7772FFA}"
EndProject
Project("{2150E333-8FDC-42A3-9474-1A3956D46DE8}") = "Resume.Presentation", "Resume.Presentation", "{2C90F4A3-533A-409A-B4F6-A185B86C32FA}"
EndProject
Project("{FAE04EC0-301F-11D3-BF4B-00C04F79EFBC}") = "Resume.Application", "..\Resume.Application\Resume.Application.csproj", "{4AE10A27-BFFB-40B0-BAF2-DA08DE9F73EC}"
EndProject
Project("{2150E333-8FDC-42A3-9474-1A3956D46DE8}") = "Resome.Domain", "Resome.Domain", "{BEA6DD69-209C-42A8-8F12-4FD9C3AD078B}"
EndProject
Project("{FAE04EC0-301F-11D3-BF4B-00C04F79EFBC}") = "Resume.Domain", "..\Resume.Domain\Resume.Domain.csproj", "{909E45D0-781B-4F11-BDB7-D73908DBBC98}"
EndProject
Global
	GlobalSection(SolutionConfigurationPlatforms) = preSolution
		Debug|Any CPU = Debug|Any CPU
		Release|Any CPU = Release|Any CPU
	EndGlobalSection
	GlobalSection(ProjectConfigurationPlatforms) = postSolution
		{EA663480-894D-4335-8694-408E8F78ACA0}.Debug|Any CPU.ActiveCfg = Debug|Any CPU
		{EA663480-894D-4335-8694-408E8F78ACA0}.Debug|Any CPU.Build.0 = Debug|Any CPU
		{EA663480-894D-4335-8694-408E8F78ACA0}.Release|Any CPU.ActiveCfg = Release|Any CPU
		{EA663480-894D-4335-8694-408E8F78ACA0}.Release|Any CPU.Build.0 = Release|Any CPU
		{4AE10A27-BFFB-40B0-BAF2-DA08DE9F73EC}.Debug|Any CPU.ActiveCfg = Debug|Any CPU
		{4AE10A27-BFFB-40B0-BAF2-DA08DE9F73EC}.Debug|Any CPU.Build.0 = Debug|Any CPU
		{4AE10A27-BFFB-40B0-BAF2-DA08DE9F73EC}.Release|Any CPU.ActiveCfg = Release|Any CPU
		{4AE10A27-BFFB-40B0-BAF2-DA08DE9F73EC}.Release|Any CPU.Build.0 = Release|Any CPU
		{909E45D0-781B-4F11-BDB7-D73908DBBC98}.Debug|Any CPU.ActiveCfg = Debug|Any CPU
		{909E45D0-781B-4F11-BDB7-D73908DBBC98}.Debug|Any CPU.Build.0 = Debug|Any CPU
		{909E45D0-781B-4F11-BDB7-D73908DBBC98}.Release|Any CPU.ActiveCfg = Release|Any CPU
		{909E45D0-781B-4F11-BDB7-D73908DBBC98}.Release|Any CPU.Build.0 = Release|Any CPU
	EndGlobalSection
	GlobalSection(SolutionProperties) = preSolution
		HideSolutionNode = FALSE
	EndGlobalSection
	GlobalSection(ExtensibilityGlobals) = postSolution
		SolutionGuid = {210F973B-BA39-4D1D-BF24-46B4F6530C2F}
	EndGlobalSection
	GlobalSection(NestedProjects) = preSolution
		{EA663480-894D-4335-8694-408E8F78ACA0} = {2C90F4A3-533A-409A-B4F6-A185B86C32FA}
		{4AE10A27-BFFB-40B0-BAF2-DA08DE9F73EC} = {C7D8D507-69FB-4638-B38E-D527E7772FFA}
		{909E45D0-781B-4F11-BDB7-D73908DBBC98} = {BEA6DD69-209C-42A8-8F12-4FD9C3AD078B}
	EndGlobalSection
EndGlobal
